
Microsoft Visual Studio Solution File, Format Version 12.00
# Visual Studio Version 16
VisualStudioVersion = 16.0.29806.167
MinimumVisualStudioVersion = 10.0.40219.1
Project("{FAE04EC0-301F-11D3-BF4B-00C04F79EFBC}") = "ochko", "ochko.csproj", "{9D999A66-9F73-4BA7-8096-3A5EE5A32EB1}"
EndProject
Global
	GlobalSection(SolutionConfigurationPlatforms) = preSolution
		Debug|Any CPU = Debug|Any CPU
		Release|Any CPU = Release|Any CPU
	EndGlobalSection
	GlobalSection(ProjectConfigurationPlatforms) = postSolution
		{9D999A66-9F73-4BA7-8096-3A5EE5A32EB1}.Debug|Any CPU.ActiveCfg = Debug|Any CPU
		{9D999A66-9F73-4BA7-8096-3A5EE5A32EB1}.Debug|Any CPU.Build.0 = Debug|Any CPU
		{9D999A66-9F73-4BA7-8096-3A5EE5A32EB1}.Release|Any CPU.ActiveCfg = Release|Any CPU
		{9D999A66-9F73-4BA7-8096-3A5EE5A32EB1}.Release|Any CPU.Build.0 = Release|Any CPU
	EndGlobalSection
	GlobalSection(SolutionProperties) = preSolution
		HideSolutionNode = FALSE
	EndGlobalSection
	GlobalSection(ExtensibilityGlobals) = postSolution
		SolutionGuid = {C1B114AE-2BC2-455A-B7F0-F21D32999D6E}
	EndGlobalSection
EndGlobal
