
Microsoft Visual Studio Solution File, Format Version 12.00
# Visual Studio Version 16
VisualStudioVersion = 16.0.30011.22
MinimumVisualStudioVersion = 10.0.40219.1
Project("{FAE04EC0-301F-11D3-BF4B-00C04F79EFBC}") = "BDWinF", "BDWinF.csproj", "{B3923D13-B6AA-48E3-BE2F-3E46B4554C1A}"
EndProject
Global
	GlobalSection(SolutionConfigurationPlatforms) = preSolution
		Debug|Any CPU = Debug|Any CPU
		Release|Any CPU = Release|Any CPU
	EndGlobalSection
	GlobalSection(ProjectConfigurationPlatforms) = postSolution
		{B3923D13-B6AA-48E3-BE2F-3E46B4554C1A}.Debug|Any CPU.ActiveCfg = Debug|Any CPU
		{B3923D13-B6AA-48E3-BE2F-3E46B4554C1A}.Debug|Any CPU.Build.0 = Debug|Any CPU
		{B3923D13-B6AA-48E3-BE2F-3E46B4554C1A}.Release|Any CPU.ActiveCfg = Release|Any CPU
		{B3923D13-B6AA-48E3-BE2F-3E46B4554C1A}.Release|Any CPU.Build.0 = Release|Any CPU
	EndGlobalSection
	GlobalSection(SolutionProperties) = preSolution
		HideSolutionNode = FALSE
	EndGlobalSection
	GlobalSection(ExtensibilityGlobals) = postSolution
		SolutionGuid = {2897611A-5DAE-4315-8220-08ED8520974D}
	EndGlobalSection
EndGlobal
