
Microsoft Visual Studio Solution File, Format Version 12.00
# Visual Studio Version 16
VisualStudioVersion = 16.0.30413.136
MinimumVisualStudioVersion = 10.0.40219.1
Project("{FAE04EC0-301F-11D3-BF4B-00C04F79EFBC}") = "Laba3", "Laba3.csproj", "{86DD862D-85A0-4C63-A7C7-6EC021DA9A84}"
EndProject
Global
	GlobalSection(SolutionConfigurationPlatforms) = preSolution
		Debug|Any CPU = Debug|Any CPU
		Release|Any CPU = Release|Any CPU
	EndGlobalSection
	GlobalSection(ProjectConfigurationPlatforms) = postSolution
		{86DD862D-85A0-4C63-A7C7-6EC021DA9A84}.Debug|Any CPU.ActiveCfg = Debug|Any CPU
		{86DD862D-85A0-4C63-A7C7-6EC021DA9A84}.Debug|Any CPU.Build.0 = Debug|Any CPU
		{86DD862D-85A0-4C63-A7C7-6EC021DA9A84}.Release|Any CPU.ActiveCfg = Release|Any CPU
		{86DD862D-85A0-4C63-A7C7-6EC021DA9A84}.Release|Any CPU.Build.0 = Release|Any CPU
	EndGlobalSection
	GlobalSection(SolutionProperties) = preSolution
		HideSolutionNode = FALSE
	EndGlobalSection
	GlobalSection(ExtensibilityGlobals) = postSolution
		SolutionGuid = {2AC585A3-B590-48B1-B614-CA562BF02639}
	EndGlobalSection
EndGlobal
