
Microsoft Visual Studio Solution File, Format Version 12.00
# Visual Studio Version 16
VisualStudioVersion = 16.0.30413.136
MinimumVisualStudioVersion = 10.0.40219.1
Project("{FAE04EC0-301F-11D3-BF4B-00C04F79EFBC}") = "Massiv", "Massiv.csproj", "{B7DB2CAC-23DD-4A54-BFBA-4E99F0867B8C}"
EndProject
Global
	GlobalSection(SolutionConfigurationPlatforms) = preSolution
		Debug|Any CPU = Debug|Any CPU
		Release|Any CPU = Release|Any CPU
	EndGlobalSection
	GlobalSection(ProjectConfigurationPlatforms) = postSolution
		{B7DB2CAC-23DD-4A54-BFBA-4E99F0867B8C}.Debug|Any CPU.ActiveCfg = Debug|Any CPU
		{B7DB2CAC-23DD-4A54-BFBA-4E99F0867B8C}.Debug|Any CPU.Build.0 = Debug|Any CPU
		{B7DB2CAC-23DD-4A54-BFBA-4E99F0867B8C}.Release|Any CPU.ActiveCfg = Release|Any CPU
		{B7DB2CAC-23DD-4A54-BFBA-4E99F0867B8C}.Release|Any CPU.Build.0 = Release|Any CPU
	EndGlobalSection
	GlobalSection(SolutionProperties) = preSolution
		HideSolutionNode = FALSE
	EndGlobalSection
	GlobalSection(ExtensibilityGlobals) = postSolution
		SolutionGuid = {AEDD9689-9FFF-4E26-B7C5-43FBD04169E2}
	EndGlobalSection
EndGlobal
