
Microsoft Visual Studio Solution File, Format Version 12.00
# Visual Studio Version 16
VisualStudioVersion = 16.0.30413.136
MinimumVisualStudioVersion = 10.0.40219.1
Project("{FAE04EC0-301F-11D3-BF4B-00C04F79EFBC}") = "Laba4", "Laba4.csproj", "{DA44841F-BD06-4D4A-B651-81FAE4BC5B4E}"
EndProject
Global
	GlobalSection(SolutionConfigurationPlatforms) = preSolution
		Debug|Any CPU = Debug|Any CPU
		Release|Any CPU = Release|Any CPU
	EndGlobalSection
	GlobalSection(ProjectConfigurationPlatforms) = postSolution
		{DA44841F-BD06-4D4A-B651-81FAE4BC5B4E}.Debug|Any CPU.ActiveCfg = Debug|Any CPU
		{DA44841F-BD06-4D4A-B651-81FAE4BC5B4E}.Debug|Any CPU.Build.0 = Debug|Any CPU
		{DA44841F-BD06-4D4A-B651-81FAE4BC5B4E}.Release|Any CPU.ActiveCfg = Release|Any CPU
		{DA44841F-BD06-4D4A-B651-81FAE4BC5B4E}.Release|Any CPU.Build.0 = Release|Any CPU
	EndGlobalSection
	GlobalSection(SolutionProperties) = preSolution
		HideSolutionNode = FALSE
	EndGlobalSection
	GlobalSection(ExtensibilityGlobals) = postSolution
		SolutionGuid = {1E4BB626-D536-4FB0-B15E-5A1D7047D20A}
	EndGlobalSection
EndGlobal
