
Microsoft Visual Studio Solution File, Format Version 12.00
# Visual Studio Version 16
VisualStudioVersion = 16.0.30011.22
MinimumVisualStudioVersion = 10.0.40219.1
Project("{FAE04EC0-301F-11D3-BF4B-00C04F79EFBC}") = "PrilWinF", "PrilWinF.csproj", "{75DA716B-13B1-4647-96A7-A86DBD86362D}"
EndProject
Global
	GlobalSection(SolutionConfigurationPlatforms) = preSolution
		Debug|Any CPU = Debug|Any CPU
		Release|Any CPU = Release|Any CPU
	EndGlobalSection
	GlobalSection(ProjectConfigurationPlatforms) = postSolution
		{75DA716B-13B1-4647-96A7-A86DBD86362D}.Debug|Any CPU.ActiveCfg = Debug|Any CPU
		{75DA716B-13B1-4647-96A7-A86DBD86362D}.Debug|Any CPU.Build.0 = Debug|Any CPU
		{75DA716B-13B1-4647-96A7-A86DBD86362D}.Release|Any CPU.ActiveCfg = Release|Any CPU
		{75DA716B-13B1-4647-96A7-A86DBD86362D}.Release|Any CPU.Build.0 = Release|Any CPU
	EndGlobalSection
	GlobalSection(SolutionProperties) = preSolution
		HideSolutionNode = FALSE
	EndGlobalSection
	GlobalSection(ExtensibilityGlobals) = postSolution
		SolutionGuid = {8347A567-DF86-4F13-9D30-2CC0B38A96AC}
	EndGlobalSection
EndGlobal
